
Microsoft Visual Studio Solution File, Format Version 12.00
# Visual Studio Version 16
VisualStudioVersion = 16.0.30104.148
MinimumVisualStudioVersion = 10.0.40219.1
Project("{FAE04EC0-301F-11D3-BF4B-00C04F79EFBC}") = "MenorDeDosN", "MenorDeDosN\MenorDeDosN.csproj", "{2A5A81BC-AAAA-4FF0-8958-E37DD24B5315}"
EndProject
Global
	GlobalSection(SolutionConfigurationPlatforms) = preSolution
		Debug|Any CPU = Debug|Any CPU
		Release|Any CPU = Release|Any CPU
	EndGlobalSection
	GlobalSection(ProjectConfigurationPlatforms) = postSolution
		{2A5A81BC-AAAA-4FF0-8958-E37DD24B5315}.Debug|Any CPU.ActiveCfg = Debug|Any CPU
		{2A5A81BC-AAAA-4FF0-8958-E37DD24B5315}.Debug|Any CPU.Build.0 = Debug|Any CPU
		{2A5A81BC-AAAA-4FF0-8958-E37DD24B5315}.Release|Any CPU.ActiveCfg = Release|Any CPU
		{2A5A81BC-AAAA-4FF0-8958-E37DD24B5315}.Release|Any CPU.Build.0 = Release|Any CPU
	EndGlobalSection
	GlobalSection(SolutionProperties) = preSolution
		HideSolutionNode = FALSE
	EndGlobalSection
	GlobalSection(ExtensibilityGlobals) = postSolution
		SolutionGuid = {475AF0D0-B85A-4E48-9A7A-660ADCC09C53}
	EndGlobalSection
EndGlobal
